
Microsoft Visual Studio Solution File, Format Version 12.00
# Visual Studio 2012
Project("{FAE04EC0-301F-11D3-BF4B-00C04F79EFBC}") = "Angular.Nag.Web", "Angular.Nag.Web\Angular.Nag.Web.csproj", "{C44F12B9-F3DA-4541-9966-16FC69B85EE1}"
EndProject
Global
	GlobalSection(SolutionConfigurationPlatforms) = preSolution
		Debug|Any CPU = Debug|Any CPU
		Release|Any CPU = Release|Any CPU
	EndGlobalSection
	GlobalSection(ProjectConfigurationPlatforms) = postSolution
		{C44F12B9-F3DA-4541-9966-16FC69B85EE1}.Debug|Any CPU.ActiveCfg = Debug|Any CPU
		{C44F12B9-F3DA-4541-9966-16FC69B85EE1}.Debug|Any CPU.Build.0 = Debug|Any CPU
		{C44F12B9-F3DA-4541-9966-16FC69B85EE1}.Release|Any CPU.ActiveCfg = Release|Any CPU
		{C44F12B9-F3DA-4541-9966-16FC69B85EE1}.Release|Any CPU.Build.0 = Release|Any CPU
	EndGlobalSection
	GlobalSection(SolutionProperties) = preSolution
		HideSolutionNode = FALSE
	EndGlobalSection
EndGlobal
